
Microsoft Visual Studio Solution File, Format Version 12.00
# Visual Studio Version 17
VisualStudioVersion = 17.5.33502.453
MinimumVisualStudioVersion = 10.0.40219.1
Project("{9A19103F-16F7-4668-BE54-9A1E7A4F7556}") = "SSIS.API", "SSIS.API\SSIS.API.csproj", "{EB80DF5B-FEEC-49FD-8244-F3B2185D3D2E}"
	ProjectSection(ProjectDependencies) = postProject
		{3C76EB3B-77EA-42B7-BB0D-F8E93F952CC5} = {3C76EB3B-77EA-42B7-BB0D-F8E93F952CC5}
	EndProjectSection
EndProject
Project("{FAE04EC0-301F-11D3-BF4B-00C04F79EFBC}") = "SSIS.DataService", "SSIS.DataService\SSIS.DataService.csproj", "{3C76EB3B-77EA-42B7-BB0D-F8E93F952CC5}"
EndProject
Global
	GlobalSection(SolutionConfigurationPlatforms) = preSolution
		Debug|Any CPU = Debug|Any CPU
		Release|Any CPU = Release|Any CPU
	EndGlobalSection
	GlobalSection(ProjectConfigurationPlatforms) = postSolution
		{EB80DF5B-FEEC-49FD-8244-F3B2185D3D2E}.Debug|Any CPU.ActiveCfg = Debug|Any CPU
		{EB80DF5B-FEEC-49FD-8244-F3B2185D3D2E}.Debug|Any CPU.Build.0 = Debug|Any CPU
		{EB80DF5B-FEEC-49FD-8244-F3B2185D3D2E}.Release|Any CPU.ActiveCfg = Release|Any CPU
		{EB80DF5B-FEEC-49FD-8244-F3B2185D3D2E}.Release|Any CPU.Build.0 = Release|Any CPU
		{3C76EB3B-77EA-42B7-BB0D-F8E93F952CC5}.Debug|Any CPU.ActiveCfg = Debug|Any CPU
		{3C76EB3B-77EA-42B7-BB0D-F8E93F952CC5}.Debug|Any CPU.Build.0 = Debug|Any CPU
		{3C76EB3B-77EA-42B7-BB0D-F8E93F952CC5}.Release|Any CPU.ActiveCfg = Release|Any CPU
		{3C76EB3B-77EA-42B7-BB0D-F8E93F952CC5}.Release|Any CPU.Build.0 = Release|Any CPU
	EndGlobalSection
	GlobalSection(SolutionProperties) = preSolution
		HideSolutionNode = FALSE
	EndGlobalSection
	GlobalSection(ExtensibilityGlobals) = postSolution
		SolutionGuid = {990893F9-E58F-438C-B2CC-D68EE0D33CDD}
	EndGlobalSection
EndGlobal
